
Microsoft Visual Studio Solution File, Format Version 12.00
# Visual Studio Version 17
VisualStudioVersion = 17.13.35931.197 d17.13
MinimumVisualStudioVersion = 10.0.40219.1
Project("{FAE04EC0-301F-11D3-BF4B-00C04F79EFBC}") = "BankSystem.Client", "BankSystem.Client.csproj", "{B4F9F22E-3094-4F73-B27E-3DC0FF36AB01}"
EndProject
Global
	GlobalSection(SolutionConfigurationPlatforms) = preSolution
		Debug|Any CPU = Debug|Any CPU
		Release|Any CPU = Release|Any CPU
	EndGlobalSection
	GlobalSection(ProjectConfigurationPlatforms) = postSolution
		{B4F9F22E-3094-4F73-B27E-3DC0FF36AB01}.Debug|Any CPU.ActiveCfg = Debug|Any CPU
		{B4F9F22E-3094-4F73-B27E-3DC0FF36AB01}.Debug|Any CPU.Build.0 = Debug|Any CPU
		{B4F9F22E-3094-4F73-B27E-3DC0FF36AB01}.Release|Any CPU.ActiveCfg = Release|Any CPU
		{B4F9F22E-3094-4F73-B27E-3DC0FF36AB01}.Release|Any CPU.Build.0 = Release|Any CPU
	EndGlobalSection
	GlobalSection(SolutionProperties) = preSolution
		HideSolutionNode = FALSE
	EndGlobalSection
	GlobalSection(ExtensibilityGlobals) = postSolution
		SolutionGuid = {4786A22B-435B-413D-87F9-463B03966738}
	EndGlobalSection
EndGlobal
