
Microsoft Visual Studio Solution File, Format Version 12.00
# Visual Studio Version 17
VisualStudioVersion = 17.13.35931.197 d17.13
MinimumVisualStudioVersion = 10.0.40219.1
Project("{FAE04EC0-301F-11D3-BF4B-00C04F79EFBC}") = "BankSystem", "BankSystem.csproj", "{38BF4B77-458B-4838-8903-1D3E7DFD9BB8}"
EndProject
Global
	GlobalSection(SolutionConfigurationPlatforms) = preSolution
		Debug|Any CPU = Debug|Any CPU
		Release|Any CPU = Release|Any CPU
	EndGlobalSection
	GlobalSection(ProjectConfigurationPlatforms) = postSolution
		{38BF4B77-458B-4838-8903-1D3E7DFD9BB8}.Debug|Any CPU.ActiveCfg = Debug|Any CPU
		{38BF4B77-458B-4838-8903-1D3E7DFD9BB8}.Debug|Any CPU.Build.0 = Debug|Any CPU
		{38BF4B77-458B-4838-8903-1D3E7DFD9BB8}.Release|Any CPU.ActiveCfg = Release|Any CPU
		{38BF4B77-458B-4838-8903-1D3E7DFD9BB8}.Release|Any CPU.Build.0 = Release|Any CPU
	EndGlobalSection
	GlobalSection(SolutionProperties) = preSolution
		HideSolutionNode = FALSE
	EndGlobalSection
	GlobalSection(ExtensibilityGlobals) = postSolution
		SolutionGuid = {7FF97EC2-21AD-4E63-8829-6036EC69478C}
	EndGlobalSection
EndGlobal
